dependencies:
- name: mariadb
  repository: https://charts.bitnami.com/bitnami
  version: 11.4.6
- name: mongodb
  repository: https://charts.bitnami.com/bitnami
  version: 13.6.7
- name: postgresql-ha
  repository: https://charts.bitnami.com/bitnami
  version: 11.1.2
- name: mariadb-galera
  repository: https://charts.bitnami.com/bitnami
  version: 7.4.14
- name: postgresql
  repository: https://charts.bitnami.com/bitnami
  version: 12.10.0
- name: prometheus-elasticsearch-exporter
  repository: https://prometheus-community.github.io/helm-charts
  version: 5.2.0
digest: sha256:96c6be796abdeb97a3d1ad0ee6967fb92c9a52866ad44564d9149bc8cec1ec9e
generated: "2023-09-08T21:49:29.4191383-06:00"
