dependencies:
- name: mariadb
  repository: https://charts.bitnami.com/bitnami
  version: 11.4.6
- name: mongodb
  repository: https://charts.bitnami.com/bitnami
  version: 13.6.7
- name: postgresql-ha
  repository: https://charts.bitnami.com/bitnami
  version: 11.1.2
- name: mariadb-galera
  repository: https://charts.bitnami.com/bitnami
  version: 7.4.14
- name: postgresql
  repository: https://charts.bitnami.com/bitnami
  version: 12.10.0
- name: eck-operator
  repository: https://helm.elastic.co
  version: 2.6.1
digest: sha256:a1048cf78083e46057eb9072fd7d062197fab7ab7709cfbb721a7f23a5c096de
generated: "2023-09-07T12:12:46.2776871-06:00"
