dependencies:
- name: mariadb
  repository: https://charts.bitnami.com/bitnami
  version: 11.4.6
- name: elasticsearch
  repository: https://helm.elastic.co
  version: 8.5.1
- name: mongodb
  repository: https://charts.bitnami.com/bitnami
  version: 13.6.7
- name: postgresql-ha
  repository: https://charts.bitnami.com/bitnami
  version: 11.1.2
- name: mariadb-galera
  repository: https://charts.bitnami.com/bitnami
  version: 7.4.14
- name: postgresql
  repository: https://charts.bitnami.com/bitnami
  version: 12.10.0
digest: sha256:31bbf875e6db5731ca24b5dd60ef0ce1f7f2dee6f5728e6a8a04bec73cede33d
generated: "2023-08-26T14:41:41.2537041-06:00"
