{
  "version": 4,
  "terraform_version": "1.5.7",
  "serial": 61,
  "lineage": "39d3fe1a-c17b-ec28-12ac-90bc0ea64a66",
  "outputs": {
    "vm01_connect": {
      "value": "ssh -i ssh/db2 ubuntu@207.211.179.27",
      "type": "string"
    }
  },
  "resources": [
    {
      "mode": "data",
      "type": "cloudinit_config",
      "name": "vm01",
      "provider": "provider[\"registry.terraform.io/hashicorp/cloudinit\"]",
      "instances": [
        {
          "schema_version": 0,
          "attributes": {
            "base64_encode": true,
            "boundary": "MIMEBOUNDARY",
            "gzip": true,
            "id": "3870202018",
            "part": [
              {
                "content": "#!/bin/bash\r\n\r\napt-get update\r\napt-get -y upgrade\r\napt-get -y install pip\r\napt-get remove  -y docker.io\r\napt-get remove  -y docker-doc\r\napt-get remove  -y docker-compose\r\napt-get remove  -y podman-docker\r\napt-get remove  -y containerd\r\napt-get remove  -y runc\r\napt-get remove  -y docker\r\napt-get install ca-certificates curl gnupg -y\r\napt-get install unzip -y\r\ninstall -m 0755 -d /etc/apt/keyrings\r\ncurl -fsSL https://download.docker.com/linux/ubuntu/gpg |  gpg --dearmor -o /etc/apt/keyrings/docker.gpg\r\nchmod a+r /etc/apt/keyrings/docker.gpg\r\necho \"deb [arch=\"$(dpkg --print-architecture)\" signed-by=/etc/apt/keyrings/docker.gpg] https://download.docker.com/linux/ubuntu \"$(. /etc/os-release \u0026\u0026 echo \"$VERSION_CODENAME\")\" stable\" | tee /etc/apt/sources.list.d/docker.list \u003e /dev/null\r\napt-get update -y\r\napt-get install docker-ce docker-ce-cli containerd.io docker-buildx-plugin docker-compose-plugin -y\r\nmkdir \"/home/ubuntu/app\"\r\n\r\ndocker run -d -v \"/home/ubuntu/app\":/app/volume --name wikiloader dandiego235/wikiloader:10\r\ndocker run -d -p 3000:3000 --name wikiui dandiego235/wikiui:8\r\ndocker run -d -p 5000:5000 -p 8000:8000 --name wikiapi dandiego235/wikiapi:8\r\n",
                "content_type": "text/x-shellscript",
                "filename": null,
                "merge_type": null
              }
            ],
            "rendered": "H4sIAAAAAAAA/4xU72sbORD9vuD/YW4vhByHLOeCSdgjhTTxh0CdQNIGSilFK03Wg7WS0A/HLvnji+xs7drG7RfZ896bNyNptNfWRDSRfVw4rKBNOpITPvKW5qj+h9omo4RfXJbj2/Ho/f2nu5urh89lkSP2hD6QNRWc9ge9olcwtinqFT+9vTDhGT0bGWkVmaaC85rihmBZPOI88jkLE9Q6SE8u9ooxtbhT5++/eE2G1yJMcihcZA1GSE6JiOuYLSC5xgv1K0YmRKE1OHJr3GNrZwiZV1ZO0ffJHmCZsvIQLW3rbMC9EmdVKwxbKfcqpDVRkEGv9tI+mUPF11S3UymYRB/pmaSIGEAmr6ExyTXAFrvyZL6TWzIdwloYnA+HwBRwjJILF/kUF55ME3rF0o49h8cPMInRhYpzZV+MtkL13w5T2pZrMmnOU51MTLxxDbwC5B/GFArfWg/M7trzN4fGNb1CTlqrQPzrf6NDObFQKqzhi/ByclkenSg3zaWcJxNZBimijMnjPyUEagwqVi8uD9l+/ePdQXl00l+1aAPzqFEEhONjWPV19DR6eLy9v/t2fX8zursaj8rcQxS1xhJeISKutxds8hJDX1OIfdV1kyN4B1zhjJuk9fYb2Hut3Wji+h+TmjamrU+24+pEWs2Z06khszXVHZqLtFNFHko+sS12dyucK/O7XGXlcc2Dw2Z7ZFVe+czq1CIwZkSL8EJTyqeLHpQwirCx/50N+RquTgc75g7OBoNBlZdNn0Q7Homqiz3pw5w+XKY7uMjBxZaXcLtmwi3dtj99jPWKHwEAAP//I0VWbFkFAAA="
          },
          "sensitive_attributes": []
        }
      ]
    },
    {
      "mode": "data",
      "type": "oci_identity_availability_domains",
      "name": "ads",
      "provider": "provider[\"registry.terraform.io/oracle/oci\"]",
      "instances": [
        {
          "schema_version": 0,
          "attributes": {
            "availability_domains": [
              {
                "compartment_id": "ocid1.tenancy.oc1..aaaaaaaab2j6gk2b33sutg2bhoga5zekg3j5su23tygzw6nw5es4jxdts4ya",
                "id": "ocid1.availabilitydomain.oc1..aaaaaaaaag25rxkuwv76f77a57wz5h4a4pkm545dam4ndohfge25sffw5p3a",
                "name": "zqAA:US-CHICAGO-1-AD-1"
              },
              {
                "compartment_id": "ocid1.tenancy.oc1..aaaaaaaab2j6gk2b33sutg2bhoga5zekg3j5su23tygzw6nw5es4jxdts4ya",
                "id": "ocid1.availabilitydomain.oc1..aaaaaaaave3zavc6gqeces7x4s4kwoqvyuszk4uiaee3lcma4cq4jb4gmx5q",
                "name": "zqAA:US-CHICAGO-1-AD-2"
              },
              {
                "compartment_id": "ocid1.tenancy.oc1..aaaaaaaab2j6gk2b33sutg2bhoga5zekg3j5su23tygzw6nw5es4jxdts4ya",
                "id": "ocid1.availabilitydomain.oc1..aaaaaaaaax7k6s6cmu2faw5rbjobhjhvevgqtrbz7s4epy5g4j2nxsw7q4mq",
                "name": "zqAA:US-CHICAGO-1-AD-3"
              }
            ],
            "compartment_id": "ocid1.tenancy.oc1..aaaaaaaab2j6gk2b33sutg2bhoga5zekg3j5su23tygzw6nw5es4jxdts4ya",
            "filter": null,
            "id": "IdentityAvailabilityDomainsDataSource-3398070993"
          },
          "sensitive_attributes": []
        }
      ]
    },
    {
      "mode": "data",
      "type": "oci_objectstorage_namespace",
      "name": "namespace",
      "provider": "provider[\"registry.terraform.io/oracle/oci\"]",
      "instances": [
        {
          "schema_version": 0,
          "attributes": {
            "compartment_id": "ocid1.tenancy.oc1..aaaaaaaab2j6gk2b33sutg2bhoga5zekg3j5su23tygzw6nw5es4jxdts4ya",
            "id": "ObjectStorageNamespaceDataSource-3398070993",
            "namespace": "axad2yuy4e19"
          },
          "sensitive_attributes": []
        }
      ]
    },
    {
      "mode": "managed",
      "type": "oci_core_internet_gateway",
      "name": "ig",
      "provider": "provider[\"registry.terraform.io/oracle/oci\"]",
      "instances": [
        {
          "schema_version": 0,
          "attributes": {
            "compartment_id": "ocid1.tenancy.oc1..aaaaaaaab2j6gk2b33sutg2bhoga5zekg3j5su23tygzw6nw5es4jxdts4ya",
            "defined_tags": {
              "Oracle-Tags.CreatedBy": "default/eduardogutierrez@estudiantec.cr",
              "Oracle-Tags.CreatedOn": "2023-09-19T17:19:52.005Z"
            },
            "display_name": "ig",
            "enabled": true,
            "freeform_tags": {
              "Name": "ig"
            },
            "id": "ocid1.internetgateway.oc1.us-chicago-1.aaaaaaaa2cefpzim3vdrhhbzq75dbihgzeahd4dca5l6xfazfddudyvndl2q",
            "route_table_id": null,
            "state": "AVAILABLE",
            "time_created": "2023-09-19 17:19:52.027 +0000 UTC",
            "timeouts": null,
            "vcn_id": "ocid1.vcn.oc1.us-chicago-1.amaaaaaafn5ajciar5t7al362hehe5oqnguuzbonfzlbutfwtkxfmzf5iv7q"
          },
          "sensitive_attributes": [],
          "private": "eyJlMmJmYjczMC1lY2FhLTExZTYtOGY4OC0zNDM2M2JjN2M0YzAiOnsiY3JlYXRlIjoxMjAwMDAwMDAwMDAwLCJkZWxldGUiOjEyMDAwMDAwMDAwMDAsInVwZGF0ZSI6MTIwMDAwMDAwMDAwMH19",
          "dependencies": [
            "oci_core_vcn.network"
          ]
        }
      ]
    },
    {
      "mode": "managed",
      "type": "oci_core_route_table",
      "name": "public_rt",
      "provider": "provider[\"registry.terraform.io/oracle/oci\"]",
      "instances": [
        {
          "schema_version": 0,
          "attributes": {
            "compartment_id": "ocid1.tenancy.oc1..aaaaaaaab2j6gk2b33sutg2bhoga5zekg3j5su23tygzw6nw5es4jxdts4ya",
            "defined_tags": {
              "Oracle-Tags.CreatedBy": "default/eduardogutierrez@estudiantec.cr",
              "Oracle-Tags.CreatedOn": "2023-09-19T17:19:52.564Z"
            },
            "display_name": "public_rt",
            "freeform_tags": {
              "Name": "public_rt"
            },
            "id": "ocid1.routetable.oc1.us-chicago-1.aaaaaaaabblpz6kg7qg66ecpzmfshegljc5o3jcsraadgn2q4eg74qfgqeva",
            "route_rules": [
              {
                "cidr_block": "",
                "description": "",
                "destination": "0.0.0.0/0",
                "destination_type": "CIDR_BLOCK",
                "network_entity_id": "ocid1.internetgateway.oc1.us-chicago-1.aaaaaaaa2cefpzim3vdrhhbzq75dbihgzeahd4dca5l6xfazfddudyvndl2q",
                "route_type": ""
              }
            ],
            "state": "AVAILABLE",
            "time_created": "2023-09-19 17:19:52.576 +0000 UTC",
            "timeouts": null,
            "vcn_id": "ocid1.vcn.oc1.us-chicago-1.amaaaaaafn5ajciar5t7al362hehe5oqnguuzbonfzlbutfwtkxfmzf5iv7q"
          },
          "sensitive_attributes": [],
          "private": "eyJlMmJmYjczMC1lY2FhLTExZTYtOGY4OC0zNDM2M2JjN2M0YzAiOnsiY3JlYXRlIjoxMjAwMDAwMDAwMDAwLCJkZWxldGUiOjEyMDAwMDAwMDAwMDAsInVwZGF0ZSI6MTIwMDAwMDAwMDAwMH19",
          "dependencies": [
            "oci_core_internet_gateway.ig",
            "oci_core_vcn.network"
          ]
        }
      ]
    },
    {
      "mode": "managed",
      "type": "oci_core_route_table_attachment",
      "name": "public_rt_attachment",
      "provider": "provider[\"registry.terraform.io/oracle/oci\"]",
      "instances": [
        {
          "schema_version": 0,
          "attributes": {
            "id": "ocid1.subnet.oc1.us-chicago-1.aaaaaaaaakd7cwka3h4zq2e7v3wl7fsnzxtkuyr3fpofvbi2pwv6oclrb57a/ocid1.routetable.oc1.us-chicago-1.aaaaaaaabblpz6kg7qg66ecpzmfshegljc5o3jcsraadgn2q4eg74qfgqeva",
            "route_table_id": "ocid1.routetable.oc1.us-chicago-1.aaaaaaaabblpz6kg7qg66ecpzmfshegljc5o3jcsraadgn2q4eg74qfgqeva",
            "subnet_id": "ocid1.subnet.oc1.us-chicago-1.aaaaaaaaakd7cwka3h4zq2e7v3wl7fsnzxtkuyr3fpofvbi2pwv6oclrb57a",
            "timeouts": null
          },
          "sensitive_attributes": [],
          "private": "eyJlMmJmYjczMC1lY2FhLTExZTYtOGY4OC0zNDM2M2JjN2M0YzAiOnsiY3JlYXRlIjoxMjAwMDAwMDAwMDAwLCJkZWxldGUiOjEyMDAwMDAwMDAwMDAsInVwZGF0ZSI6MTIwMDAwMDAwMDAwMH19",
          "dependencies": [
            "oci_core_internet_gateway.ig",
            "oci_core_route_table.public_rt",
            "oci_core_security_list.security_list",
            "oci_core_subnet.public",
            "oci_core_vcn.network"
          ]
        }
      ]
    },
    {
      "mode": "managed",
      "type": "oci_core_security_list",
      "name": "security_list",
      "provider": "provider[\"registry.terraform.io/oracle/oci\"]",
      "instances": [
        {
          "schema_version": 0,
          "attributes": {
            "compartment_id": "ocid1.tenancy.oc1..aaaaaaaab2j6gk2b33sutg2bhoga5zekg3j5su23tygzw6nw5es4jxdts4ya",
            "defined_tags": {
              "Oracle-Tags.CreatedBy": "default/eduardogutierrez@estudiantec.cr",
              "Oracle-Tags.CreatedOn": "2023-09-19T17:19:52.299Z"
            },
            "display_name": "security_list",
            "egress_security_rules": [
              {
                "description": "",
                "destination": "0.0.0.0/0",
                "destination_type": "CIDR_BLOCK",
                "icmp_options": [],
                "protocol": "all",
                "stateless": false,
                "tcp_options": [],
                "udp_options": []
              }
            ],
            "freeform_tags": {},
            "id": "ocid1.securitylist.oc1.us-chicago-1.aaaaaaaarkfnlpsfi2okks6glxqfjdpszidopu2n4pa73wm3lzrwxgsmbm5q",
            "ingress_security_rules": [
              {
                "description": "",
                "icmp_options": [],
                "protocol": "6",
                "source": "0.0.0.0/0",
                "source_type": "CIDR_BLOCK",
                "stateless": false,
                "tcp_options": [
                  {
                    "max": 22,
                    "min": 22,
                    "source_port_range": []
                  }
                ],
                "udp_options": []
              },
              {
                "description": "",
                "icmp_options": [],
                "protocol": "6",
                "source": "0.0.0.0/0",
                "source_type": "CIDR_BLOCK",
                "stateless": false,
                "tcp_options": [
                  {
                    "max": 3000,
                    "min": 3000,
                    "source_port_range": []
                  }
                ],
                "udp_options": []
              },
              {
                "description": "",
                "icmp_options": [],
                "protocol": "6",
                "source": "0.0.0.0/0",
                "source_type": "CIDR_BLOCK",
                "stateless": false,
                "tcp_options": [
                  {
                    "max": 443,
                    "min": 443,
                    "source_port_range": []
                  }
                ],
                "udp_options": []
              },
              {
                "description": "",
                "icmp_options": [],
                "protocol": "6",
                "source": "0.0.0.0/0",
                "source_type": "CIDR_BLOCK",
                "stateless": false,
                "tcp_options": [
                  {
                    "max": 5000,
                    "min": 5000,
                    "source_port_range": []
                  }
                ],
                "udp_options": []
              },
              {
                "description": "",
                "icmp_options": [],
                "protocol": "6",
                "source": "0.0.0.0/0",
                "source_type": "CIDR_BLOCK",
                "stateless": false,
                "tcp_options": [
                  {
                    "max": 8000,
                    "min": 8000,
                    "source_port_range": []
                  }
                ],
                "udp_options": []
              },
              {
                "description": "",
                "icmp_options": [],
                "protocol": "6",
                "source": "0.0.0.0/0",
                "source_type": "CIDR_BLOCK",
                "stateless": false,
                "tcp_options": [
                  {
                    "max": 80,
                    "min": 80,
                    "source_port_range": []
                  }
                ],
                "udp_options": []
              }
            ],
            "state": "AVAILABLE",
            "time_created": "2023-09-19 17:19:52.32 +0000 UTC",
            "timeouts": null,
            "vcn_id": "ocid1.vcn.oc1.us-chicago-1.amaaaaaafn5ajciar5t7al362hehe5oqnguuzbonfzlbutfwtkxfmzf5iv7q"
          },
          "sensitive_attributes": [],
          "private": "eyJlMmJmYjczMC1lY2FhLTExZTYtOGY4OC0zNDM2M2JjN2M0YzAiOnsiY3JlYXRlIjoxMjAwMDAwMDAwMDAwLCJkZWxldGUiOjEyMDAwMDAwMDAwMDAsInVwZGF0ZSI6MTIwMDAwMDAwMDAwMH19",
          "dependencies": [
            "oci_core_vcn.network"
          ]
        }
      ]
    },
    {
      "mode": "managed",
      "type": "oci_core_subnet",
      "name": "public",
      "provider": "provider[\"registry.terraform.io/oracle/oci\"]",
      "instances": [
        {
          "schema_version": 0,
          "attributes": {
            "availability_domain": null,
            "cidr_block": "192.168.1.0/24",
            "compartment_id": "ocid1.tenancy.oc1..aaaaaaaab2j6gk2b33sutg2bhoga5zekg3j5su23tygzw6nw5es4jxdts4ya",
            "defined_tags": {
              "Oracle-Tags.CreatedBy": "default/eduardogutierrez@estudiantec.cr",
              "Oracle-Tags.CreatedOn": "2023-09-19T17:19:53.047Z"
            },
            "dhcp_options_id": "ocid1.dhcpoptions.oc1.us-chicago-1.aaaaaaaaiud2dswtiplq3gvapt4esjmvcaoecmdb56cim7muix3j462n3zvq",
            "display_name": "public",
            "dns_label": null,
            "freeform_tags": {
              "Name": "public"
            },
            "id": "ocid1.subnet.oc1.us-chicago-1.aaaaaaaaakd7cwka3h4zq2e7v3wl7fsnzxtkuyr3fpofvbi2pwv6oclrb57a",
            "ipv6cidr_block": null,
            "ipv6cidr_blocks": [],
            "ipv6virtual_router_ip": null,
            "prohibit_internet_ingress": false,
            "prohibit_public_ip_on_vnic": false,
            "route_table_id": "ocid1.routetable.oc1.us-chicago-1.aaaaaaaabblpz6kg7qg66ecpzmfshegljc5o3jcsraadgn2q4eg74qfgqeva",
            "security_list_ids": [
              "ocid1.securitylist.oc1.us-chicago-1.aaaaaaaarkfnlpsfi2okks6glxqfjdpszidopu2n4pa73wm3lzrwxgsmbm5q"
            ],
            "state": "AVAILABLE",
            "subnet_domain_name": null,
            "time_created": "2023-09-19 17:19:53.076 +0000 UTC",
            "timeouts": null,
            "vcn_id": "ocid1.vcn.oc1.us-chicago-1.amaaaaaafn5ajciar5t7al362hehe5oqnguuzbonfzlbutfwtkxfmzf5iv7q",
            "virtual_router_ip": "192.168.1.1",
            "virtual_router_mac": "00:00:17:C1:FD:FD"
          },
          "sensitive_attributes": [],
          "private": "eyJlMmJmYjczMC1lY2FhLTExZTYtOGY4OC0zNDM2M2JjN2M0YzAiOnsiY3JlYXRlIjoxMjAwMDAwMDAwMDAwLCJkZWxldGUiOjEyMDAwMDAwMDAwMDAsInVwZGF0ZSI6MTIwMDAwMDAwMDAwMH19",
          "dependencies": [
            "oci_core_internet_gateway.ig",
            "oci_core_route_table.public_rt",
            "oci_core_security_list.security_list",
            "oci_core_vcn.network"
          ]
        }
      ]
    },
    {
      "mode": "managed",
      "type": "oci_core_vcn",
      "name": "network",
      "provider": "provider[\"registry.terraform.io/oracle/oci\"]",
      "instances": [
        {
          "schema_version": 0,
          "attributes": {
            "byoipv6cidr_blocks": [],
            "byoipv6cidr_details": [],
            "cidr_block": "192.168.0.0/16",
            "cidr_blocks": [
              "192.168.0.0/16"
            ],
            "compartment_id": "ocid1.tenancy.oc1..aaaaaaaab2j6gk2b33sutg2bhoga5zekg3j5su23tygzw6nw5es4jxdts4ya",
            "default_dhcp_options_id": "ocid1.dhcpoptions.oc1.us-chicago-1.aaaaaaaaiud2dswtiplq3gvapt4esjmvcaoecmdb56cim7muix3j462n3zvq",
            "default_route_table_id": "ocid1.routetable.oc1.us-chicago-1.aaaaaaaas3xbfd2lapkcszgr6zuqpqynnjmb4t4gg3prz6zkna2ehs7qenga",
            "default_security_list_id": "ocid1.securitylist.oc1.us-chicago-1.aaaaaaaaddxwd6mkaetri7v4xewiirehuh24salehy7fmqimvjuug24mv3aq",
            "defined_tags": {
              "Oracle-Tags.CreatedBy": "default/eduardogutierrez@estudiantec.cr",
              "Oracle-Tags.CreatedOn": "2023-09-19T17:19:51.383Z"
            },
            "display_name": "network",
            "dns_label": null,
            "freeform_tags": {
              "Name": "tec"
            },
            "id": "ocid1.vcn.oc1.us-chicago-1.amaaaaaafn5ajciar5t7al362hehe5oqnguuzbonfzlbutfwtkxfmzf5iv7q",
            "ipv6cidr_blocks": [],
            "ipv6private_cidr_blocks": [],
            "is_ipv6enabled": false,
            "is_oracle_gua_allocation_enabled": null,
            "state": "AVAILABLE",
            "time_created": "2023-09-19 17:19:51.442 +0000 UTC",
            "timeouts": null,
            "vcn_domain_name": null
          },
          "sensitive_attributes": [],
          "private": "eyJlMmJmYjczMC1lY2FhLTExZTYtOGY4OC0zNDM2M2JjN2M0YzAiOnsiY3JlYXRlIjoxMjAwMDAwMDAwMDAwLCJkZWxldGUiOjEyMDAwMDAwMDAwMDAsInVwZGF0ZSI6MTIwMDAwMDAwMDAwMH19"
        }
      ]
    },
    {
      "mode": "managed",
      "type": "oci_database_autonomous_database",
      "name": "autonomous_database",
      "provider": "provider[\"registry.terraform.io/oracle/oci\"]",
      "instances": [
        {
          "schema_version": 0,
          "attributes": {
            "actual_used_data_storage_size_in_tbs": 0.006039083003997803,
            "admin_password": "thisiswrongNereo08",
            "allocated_storage_size_in_tbs": 0.0107421875,
            "apex_details": [
              {
                "apex_version": "23.1.2",
                "ords_version": "23.2.3.242.1937"
              }
            ],
            "are_primary_whitelisted_ips_used": null,
            "autonomous_container_database_id": null,
            "autonomous_database_backup_id": null,
            "autonomous_database_id": null,
            "autonomous_maintenance_schedule_type": "REGULAR",
            "available_upgrade_versions": [],
            "backup_config": [
              {
                "manual_backup_bucket_name": "",
                "manual_backup_type": "NONE"
              }
            ],
            "backup_retention_period_in_days": 60,
            "character_set": "AL32UTF8",
            "clone_type": null,
            "compartment_id": "ocid1.tenancy.oc1..aaaaaaaab2j6gk2b33sutg2bhoga5zekg3j5su23tygzw6nw5es4jxdts4ya",
            "compute_count": 1,
            "compute_model": "ECPU",
            "connection_strings": [
              {
                "all_connection_strings": {
                  "HIGH": "adb.us-chicago-1.oraclecloud.com:1522/gcea482f4f1b83b_ic4302_high.adb.oraclecloud.com",
                  "LOW": "adb.us-chicago-1.oraclecloud.com:1522/gcea482f4f1b83b_ic4302_low.adb.oraclecloud.com",
                  "MEDIUM": "adb.us-chicago-1.oraclecloud.com:1522/gcea482f4f1b83b_ic4302_medium.adb.oraclecloud.com",
                  "TP": "adb.us-chicago-1.oraclecloud.com:1522/gcea482f4f1b83b_ic4302_tp.adb.oraclecloud.com",
                  "TPURGENT": "adb.us-chicago-1.oraclecloud.com:1522/gcea482f4f1b83b_ic4302_tpurgent.adb.oraclecloud.com"
                },
                "dedicated": "",
                "high": "adb.us-chicago-1.oraclecloud.com:1522/gcea482f4f1b83b_ic4302_high.adb.oraclecloud.com",
                "low": "adb.us-chicago-1.oraclecloud.com:1522/gcea482f4f1b83b_ic4302_low.adb.oraclecloud.com",
                "medium": "adb.us-chicago-1.oraclecloud.com:1522/gcea482f4f1b83b_ic4302_medium.adb.oraclecloud.com",
                "profiles": [
                  {
                    "consumer_group": "HIGH",
                    "display_name": "ic4302_high",
                    "host_format": "FQDN",
                    "protocol": "TCPS",
                    "session_mode": "DIRECT",
                    "syntax_format": "LONG",
                    "tls_authentication": "SERVER",
                    "value": "(description= (retry_count=20)(retry_delay=3)(address=(protocol=tcps)(port=1521)(host=adb.us-chicago-1.oraclecloud.com))(connect_data=(service_name=gcea482f4f1b83b_ic4302_high.adb.oraclecloud.com))(security=(ssl_server_dn_match=yes)))"
                  },
                  {
                    "consumer_group": "LOW",
                    "display_name": "ic4302_low",
                    "host_format": "FQDN",
                    "protocol": "TCPS",
                    "session_mode": "DIRECT",
                    "syntax_format": "LONG",
                    "tls_authentication": "SERVER",
                    "value": "(description= (retry_count=20)(retry_delay=3)(address=(protocol=tcps)(port=1521)(host=adb.us-chicago-1.oraclecloud.com))(connect_data=(service_name=gcea482f4f1b83b_ic4302_low.adb.oraclecloud.com))(security=(ssl_server_dn_match=yes)))"
                  },
                  {
                    "consumer_group": "MEDIUM",
                    "display_name": "ic4302_medium",
                    "host_format": "FQDN",
                    "protocol": "TCPS",
                    "session_mode": "DIRECT",
                    "syntax_format": "LONG",
                    "tls_authentication": "SERVER",
                    "value": "(description= (retry_count=20)(retry_delay=3)(address=(protocol=tcps)(port=1521)(host=adb.us-chicago-1.oraclecloud.com))(connect_data=(service_name=gcea482f4f1b83b_ic4302_medium.adb.oraclecloud.com))(security=(ssl_server_dn_match=yes)))"
                  },
                  {
                    "consumer_group": "TP",
                    "display_name": "ic4302_tp",
                    "host_format": "FQDN",
                    "protocol": "TCPS",
                    "session_mode": "DIRECT",
                    "syntax_format": "LONG",
                    "tls_authentication": "SERVER",
                    "value": "(description= (retry_count=20)(retry_delay=3)(address=(protocol=tcps)(port=1521)(host=adb.us-chicago-1.oraclecloud.com))(connect_data=(service_name=gcea482f4f1b83b_ic4302_tp.adb.oraclecloud.com))(security=(ssl_server_dn_match=yes)))"
                  },
                  {
                    "consumer_group": "TPURGENT",
                    "display_name": "ic4302_tpurgent",
                    "host_format": "FQDN",
                    "protocol": "TCPS",
                    "session_mode": "DIRECT",
                    "syntax_format": "LONG",
                    "tls_authentication": "SERVER",
                    "value": "(description= (retry_count=20)(retry_delay=3)(address=(protocol=tcps)(port=1521)(host=adb.us-chicago-1.oraclecloud.com))(connect_data=(service_name=gcea482f4f1b83b_ic4302_tpurgent.adb.oraclecloud.com))(security=(ssl_server_dn_match=yes)))"
                  },
                  {
                    "consumer_group": "HIGH",
                    "display_name": "ic4302_high",
                    "host_format": "FQDN",
                    "protocol": "TCPS",
                    "session_mode": "DIRECT",
                    "syntax_format": "LONG",
                    "tls_authentication": "MUTUAL",
                    "value": "(description= (retry_count=20)(retry_delay=3)(address=(protocol=tcps)(port=1522)(host=adb.us-chicago-1.oraclecloud.com))(connect_data=(service_name=gcea482f4f1b83b_ic4302_high.adb.oraclecloud.com))(security=(ssl_server_dn_match=yes)))"
                  },
                  {
                    "consumer_group": "LOW",
                    "display_name": "ic4302_low",
                    "host_format": "FQDN",
                    "protocol": "TCPS",
                    "session_mode": "DIRECT",
                    "syntax_format": "LONG",
                    "tls_authentication": "MUTUAL",
                    "value": "(description= (retry_count=20)(retry_delay=3)(address=(protocol=tcps)(port=1522)(host=adb.us-chicago-1.oraclecloud.com))(connect_data=(service_name=gcea482f4f1b83b_ic4302_low.adb.oraclecloud.com))(security=(ssl_server_dn_match=yes)))"
                  },
                  {
                    "consumer_group": "MEDIUM",
                    "display_name": "ic4302_medium",
                    "host_format": "FQDN",
                    "protocol": "TCPS",
                    "session_mode": "DIRECT",
                    "syntax_format": "LONG",
                    "tls_authentication": "MUTUAL",
                    "value": "(description= (retry_count=20)(retry_delay=3)(address=(protocol=tcps)(port=1522)(host=adb.us-chicago-1.oraclecloud.com))(connect_data=(service_name=gcea482f4f1b83b_ic4302_medium.adb.oraclecloud.com))(security=(ssl_server_dn_match=yes)))"
                  },
                  {
                    "consumer_group": "TP",
                    "display_name": "ic4302_tp",
                    "host_format": "FQDN",
                    "protocol": "TCPS",
                    "session_mode": "DIRECT",
                    "syntax_format": "LONG",
                    "tls_authentication": "MUTUAL",
                    "value": "(description= (retry_count=20)(retry_delay=3)(address=(protocol=tcps)(port=1522)(host=adb.us-chicago-1.oraclecloud.com))(connect_data=(service_name=gcea482f4f1b83b_ic4302_tp.adb.oraclecloud.com))(security=(ssl_server_dn_match=yes)))"
                  },
                  {
                    "consumer_group": "TPURGENT",
                    "display_name": "ic4302_tpurgent",
                    "host_format": "FQDN",
                    "protocol": "TCPS",
                    "session_mode": "DIRECT",
                    "syntax_format": "LONG",
                    "tls_authentication": "MUTUAL",
                    "value": "(description= (retry_count=20)(retry_delay=3)(address=(protocol=tcps)(port=1522)(host=adb.us-chicago-1.oraclecloud.com))(connect_data=(service_name=gcea482f4f1b83b_ic4302_tpurgent.adb.oraclecloud.com))(security=(ssl_server_dn_match=yes)))"
                  }
                ]
              }
            ],
            "connection_urls": [
              {
                "apex_url": "https://GCEA482F4F1B83B-IC4302.adb.us-chicago-1.oraclecloudapps.com/ords/apex",
                "graph_studio_url": "https://GCEA482F4F1B83B-IC4302.adb.us-chicago-1.oraclecloudapps.com/graphstudio/",
                "machine_learning_user_management_url": "https://GCEA482F4F1B83B-IC4302.adb.us-chicago-1.oraclecloudapps.com/omlusers/",
                "sql_dev_web_url": "https://GCEA482F4F1B83B-IC4302.adb.us-chicago-1.oraclecloudapps.com/ords/sql-developer"
              }
            ],
            "cpu_core_count": 0,
            "customer_contacts": [],
            "data_safe_status": "NOT_REGISTERED",
            "data_storage_size_in_gb": 20,
            "data_storage_size_in_tbs": null,
            "database_edition": "",
            "database_management_status": "",
            "dataguard_region_type": "",
            "db_name": "ic4302",
            "db_version": "19c",
            "db_workload": "OLTP",
            "defined_tags": {
              "Oracle-Tags.CreatedBy": "default/eduardogutierrez@estudiantec.cr",
              "Oracle-Tags.CreatedOn": "2023-09-20T14:06:16.599Z"
            },
            "disaster_recovery_region_type": "",
            "display_name": "XHGCXBJYMIPUJGYD",
            "failed_data_recovery_in_seconds": null,
            "freeform_tags": {},
            "id": "ocid1.autonomousdatabase.oc1.us-chicago-1.anxxeljsfn5ajcia3erfgyqeovkykdvbcxyoau2nrxuw3kkykt53dfncqdha",
            "in_memory_area_in_gbs": null,
            "in_memory_percentage": null,
            "infrastructure_type": "",
            "is_access_control_enabled": null,
            "is_auto_scaling_enabled": false,
            "is_auto_scaling_for_storage_enabled": false,
            "is_data_guard_enabled": false,
            "is_dedicated": false,
            "is_free_tier": true,
            "is_local_data_guard_enabled": false,
            "is_mtls_connection_required": false,
            "is_preview": false,
            "is_preview_version_with_service_terms_accepted": null,
            "is_reconnect_clone_enabled": false,
            "is_refreshable_clone": null,
            "is_remote_data_guard_enabled": false,
            "is_shrink_only": null,
            "key_history_entry": [
              {
                "id": "ORACLE_MANAGED_KEY",
                "kms_key_version_id": "",
                "time_activated": "2023-09-20 14:06:52.198 +0000 UTC",
                "vault_id": ""
              }
            ],
            "key_store_id": null,
            "key_store_wallet_name": null,
            "kms_key_id": "ORACLE_MANAGED_KEY",
            "kms_key_lifecycle_details": null,
            "kms_key_version_id": null,
            "license_model": "LICENSE_INCLUDED",
            "lifecycle_details": null,
            "local_adg_auto_failover_max_data_loss_limit": null,
            "local_disaster_recovery_type": "",
            "local_standby_db": [],
            "long_term_backup_schedule": [],
            "max_cpu_core_count": null,
            "memory_per_oracle_compute_unit_in_gbs": null,
            "ncharacter_set": "AL16UTF16",
            "next_long_term_backup_time_stamp": null,
            "nsg_ids": [],
            "ocpu_count": null,
            "open_mode": "READ_WRITE",
            "operations_insights_status": "NOT_ENABLED",
            "peer_db_ids": [],
            "permission_level": "UNRESTRICTED",
            "private_endpoint": null,
            "private_endpoint_ip": null,
            "private_endpoint_label": null,
            "provisionable_cpus": [],
            "refreshable_mode": null,
            "refreshable_status": "",
            "remote_disaster_recovery_configuration": [],
            "remote_disaster_recovery_type": null,
            "role": "",
            "rotate_key_trigger": null,
            "scheduled_operations": [],
            "secret_id": null,
            "secret_version_number": null,
            "service_console_url": null,
            "source": null,
            "source_id": null,
            "standby_db": [],
            "standby_whitelisted_ips": [],
            "state": "AVAILABLE",
            "subnet_id": null,
            "supported_regions_to_clone_to": [
              "IAD"
            ],
            "switchover_to": null,
            "switchover_to_remote_peer_id": null,
            "system_tags": {
              "orcl-cloud.free-tier-retained": "true"
            },
            "time_created": "2023-09-20 14:06:16.616 +0000 UTC",
            "time_data_guard_role_changed": null,
            "time_deletion_of_free_autonomous_database": null,
            "time_disaster_recovery_role_changed": null,
            "time_local_data_guard_enabled": null,
            "time_maintenance_begin": "2023-10-14 05:00:00 +0000 UTC",
            "time_maintenance_end": "2023-10-14 07:00:00 +0000 UTC",
            "time_of_last_failover": null,
            "time_of_last_refresh": null,
            "time_of_last_refresh_point": null,
            "time_of_last_switchover": null,
            "time_of_next_refresh": null,
            "time_reclamation_of_free_autonomous_database": "2023-10-20 22:44:41.855 +0000 UTC",
            "time_until_reconnect_clone_enabled": null,
            "timeouts": null,
            "timestamp": null,
            "total_backup_storage_size_in_gbs": 21,
            "use_latest_available_backup_time_stamp": null,
            "used_data_storage_size_in_gbs": null,
            "used_data_storage_size_in_tbs": 1,
            "vault_id": null,
            "whitelisted_ips": [
              "186.176.152.202",
              "186.32.199.95",
              "201.198.177.130",
              "201.198.177.184",
              "201.198.177.232",
              "201.198.177.244",
              "201.198.177.30",
              "201.204.89.116",
              "201.204.89.74",
              "201.206.114.3",
              "207.211.176.160",
              "207.211.179.27"
            ]
          },
          "sensitive_attributes": [],
          "private": "eyJlMmJmYjczMC1lY2FhLTExZTYtOGY4OC0zNDM2M2JjN2M0YzAiOnsiY3JlYXRlIjo0MzIwMDAwMDAwMDAwMCwiZGVsZXRlIjo0MzIwMDAwMDAwMDAwMCwidXBkYXRlIjo0MzIwMDAwMDAwMDAwMH19",
          "dependencies": [
            "data.cloudinit_config.vm01",
            "data.oci_identity_availability_domains.ads",
            "oci_core_instance.vm01",
            "oci_core_internet_gateway.ig",
            "oci_core_route_table.public_rt",
            "oci_core_security_list.security_list",
            "oci_core_subnet.public",
            "oci_core_vcn.network"
          ]
        }
      ]
    },
    {
      "mode": "managed",
      "type": "oci_nosql_table",
      "name": "logs_table",
      "provider": "provider[\"registry.terraform.io/oracle/oci\"]",
      "instances": [
        {
          "schema_version": 0,
          "attributes": {
            "compartment_id": "ocid1.tenancy.oc1..aaaaaaaab2j6gk2b33sutg2bhoga5zekg3j5su23tygzw6nw5es4jxdts4ya",
            "ddl_statement": "CREATE TABLE if not exists ic4302_logs (logId INTEGER, title STRING, bagInfo JSON, PRIMARY KEY (logId))",
            "defined_tags": {
              "Oracle-Tags.CreatedBy": "default/eduardogutierrez@estudiantec.cr",
              "Oracle-Tags.CreatedOn": "2023-09-19T03:11:04.736Z"
            },
            "freeform_tags": {},
            "id": "ocid1.nosqltable.oc1.us-chicago-1.amaaaaaafn5ajcia2sskjoqbtixtylchylcwcf25ex5x7xvema7dijssoeya",
            "is_auto_reclaimable": false,
            "lifecycle_details": "The resource is ACTIVE",
            "name": "ic4302_logs",
            "schema": [
              {
                "columns": [
                  {
                    "default_value": "",
                    "is_as_uuid": false,
                    "is_generated": false,
                    "is_nullable": false,
                    "name": "logId",
                    "type": "INTEGER"
                  },
                  {
                    "default_value": "",
                    "is_as_uuid": false,
                    "is_generated": false,
                    "is_nullable": true,
                    "name": "title",
                    "type": "STRING"
                  },
                  {
                    "default_value": "",
                    "is_as_uuid": false,
                    "is_generated": false,
                    "is_nullable": true,
                    "name": "bagInfo",
                    "type": "JSON"
                  }
                ],
                "identity": [],
                "primary_key": [
                  "logId"
                ],
                "shard_key": [
                  "logId"
                ],
                "ttl": 0
              }
            ],
            "state": "ACTIVE",
            "system_tags": {},
            "table_limits": [
              {
                "capacity_mode": "PROVISIONED",
                "max_read_units": 1,
                "max_storage_in_gbs": 1,
                "max_write_units": 1
              }
            ],
            "time_created": "2023-09-19 03:11:05.055 +0000 UTC",
            "time_of_expiration": null,
            "time_updated": "2023-09-19 03:11:06.256 +0000 UTC",
            "timeouts": null
          },
          "sensitive_attributes": [],
          "private": "eyJlMmJmYjczMC1lY2FhLTExZTYtOGY4OC0zNDM2M2JjN2M0YzAiOnsiY3JlYXRlIjoxMjAwMDAwMDAwMDAwLCJkZWxldGUiOjEyMDAwMDAwMDAwMDAsInVwZGF0ZSI6MTIwMDAwMDAwMDAwMH19"
        }
      ]
    }
  ],
  "check_results": null
}
