{
  "version": 4,
  "terraform_version": "1.5.7",
  "serial": 19,
  "lineage": "39d3fe1a-c17b-ec28-12ac-90bc0ea64a66",
  "outputs": {},
  "resources": [
    {
      "mode": "data",
      "type": "cloudinit_config",
      "name": "vm01",
      "provider": "provider[\"registry.terraform.io/hashicorp/cloudinit\"]",
      "instances": [
        {
          "schema_version": 0,
          "attributes": {
            "base64_encode": true,
            "boundary": "MIMEBOUNDARY",
            "gzip": true,
            "id": "3270389597",
            "part": [
              {
                "content": "#!/bin/bash\r\n\r\napt-get update\r\napt-get -y upgrade\r\napt-get -y install pip\r\napt-get remove  -y docker.io\r\napt-get remove  -y docker-doc\r\napt-get remove  -y docker-compose\r\napt-get remove  -y podman-docker\r\napt-get remove  -y containerd\r\napt-get remove  -y runc\r\napt-get remove  -y docker\r\napt-get install ca-certificates curl gnupg -y\r\napt-get install unzip -y\r\ninstall -m 0755 -d /etc/apt/keyrings\r\ncurl -fsSL https://download.docker.com/linux/ubuntu/gpg |  gpg --dearmor -o /etc/apt/keyrings/docker.gpg\r\nchmod a+r /etc/apt/keyrings/docker.gpg\r\necho \"deb [arch=\"$(dpkg --print-architecture)\" signed-by=/etc/apt/keyrings/docker.gpg] https://download.docker.com/linux/ubuntu \"$(. /etc/os-release \u0026\u0026 echo \"$VERSION_CODENAME\")\" stable\" | tee /etc/apt/sources.list.d/docker.list \u003e /dev/null\r\napt-get update -y\r\napt-get install docker-ce docker-ce-cli containerd.io docker-buildx-plugin docker-compose-plugin -y\r\ndocker run -d -p 80:5000 --name helloflask nereo08/helloflask\r\n",
                "content_type": "text/x-shellscript",
                "filename": null,
                "merge_type": null
              }
            ],
            "rendered": "H4sIAAAAAAAA/4xU0WobOxB9X9h/mLs3hFwus9o+hASXFNLED4E6gaQNlFKKVhqvhbWSkEapXfLxZeO4TmPj9ml3zjnMmdk90oV3TI7x4zLQCPps2QQZWfRmQfottD47LePyrJpcTcbvbz5dX57ffq6KocJ7isl4N4I3dVMWZYH4UlQWv3pH6dKUIo6d8tq4bgQnreEXgidzpgWLBaYZWZtUNIHLYmJ62vL59x/RGidamWZDKQNjRww5aMm0qXEJOXRR6t8x4xJLayGYsMEj9f6BYOC1V3OKtfF7WNRe7aOV74NPtFMSvO6lw5Vyp0J5x9I4inonHbPbZ76h1psqiYoim6lRkimBytFC53LoAJfb8ux+mPDErBHsoTk5PgbUIIiVkIHFnJbRuC6VxVM7nKa7DzBjDmkkhPbfnfVS188fU/leWOPyQuQ2O86iCx08AgwPRE0y9j4C+u324rlDF7qyULPea5D/xz/oSM08VJpa+CKjmp1VB0c6zAerEI1jHEDDpDhH+q+CZDpHGtvl2b62X/96O6gOjurViD5hJEsyERwewmqug/vx7d3VzfW3i5vL8fX5ZFwNM7BsLVXwCEy0WS/5HBWl2prEtV5PM1TwDoSmB+Gyta/PwM7fuo4mbd5QWfMibbXxa67NxuoFBps7416leo0OJitmiOQQDgxw2oyOm6YBRCd7guEs+6mVaQ6OIvnmVGyg7TsDsSx+BgAA//+S7KG6kgQAAA=="
          },
          "sensitive_attributes": []
        }
      ]
    },
    {
      "mode": "data",
      "type": "oci_identity_availability_domains",
      "name": "ads",
      "provider": "provider[\"registry.terraform.io/oracle/oci\"]",
      "instances": [
        {
          "schema_version": 0,
          "attributes": {
            "availability_domains": [
              {
                "compartment_id": "ocid1.tenancy.oc1..aaaaaaaab2j6gk2b33sutg2bhoga5zekg3j5su23tygzw6nw5es4jxdts4ya",
                "id": "ocid1.availabilitydomain.oc1..aaaaaaaaag25rxkuwv76f77a57wz5h4a4pkm545dam4ndohfge25sffw5p3a",
                "name": "zqAA:US-CHICAGO-1-AD-1"
              },
              {
                "compartment_id": "ocid1.tenancy.oc1..aaaaaaaab2j6gk2b33sutg2bhoga5zekg3j5su23tygzw6nw5es4jxdts4ya",
                "id": "ocid1.availabilitydomain.oc1..aaaaaaaave3zavc6gqeces7x4s4kwoqvyuszk4uiaee3lcma4cq4jb4gmx5q",
                "name": "zqAA:US-CHICAGO-1-AD-2"
              },
              {
                "compartment_id": "ocid1.tenancy.oc1..aaaaaaaab2j6gk2b33sutg2bhoga5zekg3j5su23tygzw6nw5es4jxdts4ya",
                "id": "ocid1.availabilitydomain.oc1..aaaaaaaaax7k6s6cmu2faw5rbjobhjhvevgqtrbz7s4epy5g4j2nxsw7q4mq",
                "name": "zqAA:US-CHICAGO-1-AD-3"
              }
            ],
            "compartment_id": "ocid1.tenancy.oc1..aaaaaaaab2j6gk2b33sutg2bhoga5zekg3j5su23tygzw6nw5es4jxdts4ya",
            "filter": null,
            "id": "IdentityAvailabilityDomainsDataSource-3398070993"
          },
          "sensitive_attributes": []
        }
      ]
    },
    {
      "mode": "data",
      "type": "oci_objectstorage_namespace",
      "name": "namespace",
      "provider": "provider[\"registry.terraform.io/oracle/oci\"]",
      "instances": [
        {
          "schema_version": 0,
          "attributes": {
            "compartment_id": "ocid1.tenancy.oc1..aaaaaaaab2j6gk2b33sutg2bhoga5zekg3j5su23tygzw6nw5es4jxdts4ya",
            "id": "ObjectStorageNamespaceDataSource-3398070993",
            "namespace": "axad2yuy4e19"
          },
          "sensitive_attributes": []
        }
      ]
    },
    {
      "mode": "managed",
      "type": "oci_core_internet_gateway",
      "name": "ig",
      "provider": "provider[\"registry.terraform.io/oracle/oci\"]",
      "instances": [
        {
          "schema_version": 0,
          "attributes": {
            "compartment_id": "ocid1.tenancy.oc1..aaaaaaaab2j6gk2b33sutg2bhoga5zekg3j5su23tygzw6nw5es4jxdts4ya",
            "defined_tags": {
              "Oracle-Tags.CreatedBy": "default/eduardogutierrez@estudiantec.cr",
              "Oracle-Tags.CreatedOn": "2023-09-19T17:19:52.005Z"
            },
            "display_name": "ig",
            "enabled": true,
            "freeform_tags": {
              "Name": "ig"
            },
            "id": "ocid1.internetgateway.oc1.us-chicago-1.aaaaaaaa2cefpzim3vdrhhbzq75dbihgzeahd4dca5l6xfazfddudyvndl2q",
            "route_table_id": null,
            "state": "AVAILABLE",
            "time_created": "2023-09-19 17:19:52.027 +0000 UTC",
            "timeouts": null,
            "vcn_id": "ocid1.vcn.oc1.us-chicago-1.amaaaaaafn5ajciar5t7al362hehe5oqnguuzbonfzlbutfwtkxfmzf5iv7q"
          },
          "sensitive_attributes": [],
          "private": "eyJlMmJmYjczMC1lY2FhLTExZTYtOGY4OC0zNDM2M2JjN2M0YzAiOnsiY3JlYXRlIjoxMjAwMDAwMDAwMDAwLCJkZWxldGUiOjEyMDAwMDAwMDAwMDAsInVwZGF0ZSI6MTIwMDAwMDAwMDAwMH19",
          "dependencies": [
            "oci_core_vcn.network"
          ]
        }
      ]
    },
    {
      "mode": "managed",
      "type": "oci_core_route_table",
      "name": "public_rt",
      "provider": "provider[\"registry.terraform.io/oracle/oci\"]",
      "instances": [
        {
          "schema_version": 0,
          "attributes": {
            "compartment_id": "ocid1.tenancy.oc1..aaaaaaaab2j6gk2b33sutg2bhoga5zekg3j5su23tygzw6nw5es4jxdts4ya",
            "defined_tags": {
              "Oracle-Tags.CreatedBy": "default/eduardogutierrez@estudiantec.cr",
              "Oracle-Tags.CreatedOn": "2023-09-19T17:19:52.564Z"
            },
            "display_name": "public_rt",
            "freeform_tags": {
              "Name": "public_rt"
            },
            "id": "ocid1.routetable.oc1.us-chicago-1.aaaaaaaabblpz6kg7qg66ecpzmfshegljc5o3jcsraadgn2q4eg74qfgqeva",
            "route_rules": [
              {
                "cidr_block": "",
                "description": "",
                "destination": "0.0.0.0/0",
                "destination_type": "CIDR_BLOCK",
                "network_entity_id": "ocid1.internetgateway.oc1.us-chicago-1.aaaaaaaa2cefpzim3vdrhhbzq75dbihgzeahd4dca5l6xfazfddudyvndl2q",
                "route_type": ""
              }
            ],
            "state": "AVAILABLE",
            "time_created": "2023-09-19 17:19:52.576 +0000 UTC",
            "timeouts": null,
            "vcn_id": "ocid1.vcn.oc1.us-chicago-1.amaaaaaafn5ajciar5t7al362hehe5oqnguuzbonfzlbutfwtkxfmzf5iv7q"
          },
          "sensitive_attributes": [],
          "private": "eyJlMmJmYjczMC1lY2FhLTExZTYtOGY4OC0zNDM2M2JjN2M0YzAiOnsiY3JlYXRlIjoxMjAwMDAwMDAwMDAwLCJkZWxldGUiOjEyMDAwMDAwMDAwMDAsInVwZGF0ZSI6MTIwMDAwMDAwMDAwMH19",
          "dependencies": [
            "oci_core_internet_gateway.ig",
            "oci_core_vcn.network"
          ]
        }
      ]
    },
    {
      "mode": "managed",
      "type": "oci_core_route_table_attachment",
      "name": "public_rt_attachment",
      "provider": "provider[\"registry.terraform.io/oracle/oci\"]",
      "instances": [
        {
          "schema_version": 0,
          "attributes": {
            "id": "ocid1.subnet.oc1.us-chicago-1.aaaaaaaaakd7cwka3h4zq2e7v3wl7fsnzxtkuyr3fpofvbi2pwv6oclrb57a/ocid1.routetable.oc1.us-chicago-1.aaaaaaaabblpz6kg7qg66ecpzmfshegljc5o3jcsraadgn2q4eg74qfgqeva",
            "route_table_id": "ocid1.routetable.oc1.us-chicago-1.aaaaaaaabblpz6kg7qg66ecpzmfshegljc5o3jcsraadgn2q4eg74qfgqeva",
            "subnet_id": "ocid1.subnet.oc1.us-chicago-1.aaaaaaaaakd7cwka3h4zq2e7v3wl7fsnzxtkuyr3fpofvbi2pwv6oclrb57a",
            "timeouts": null
          },
          "sensitive_attributes": [],
          "private": "eyJlMmJmYjczMC1lY2FhLTExZTYtOGY4OC0zNDM2M2JjN2M0YzAiOnsiY3JlYXRlIjoxMjAwMDAwMDAwMDAwLCJkZWxldGUiOjEyMDAwMDAwMDAwMDAsInVwZGF0ZSI6MTIwMDAwMDAwMDAwMH19",
          "dependencies": [
            "oci_core_internet_gateway.ig",
            "oci_core_route_table.public_rt",
            "oci_core_security_list.security_list",
            "oci_core_subnet.public",
            "oci_core_vcn.network"
          ]
        }
      ]
    },
    {
      "mode": "managed",
      "type": "oci_core_security_list",
      "name": "security_list",
      "provider": "provider[\"registry.terraform.io/oracle/oci\"]",
      "instances": [
        {
          "schema_version": 0,
          "attributes": {
            "compartment_id": "ocid1.tenancy.oc1..aaaaaaaab2j6gk2b33sutg2bhoga5zekg3j5su23tygzw6nw5es4jxdts4ya",
            "defined_tags": {
              "Oracle-Tags.CreatedBy": "default/eduardogutierrez@estudiantec.cr",
              "Oracle-Tags.CreatedOn": "2023-09-19T17:19:52.299Z"
            },
            "display_name": "security_list",
            "egress_security_rules": [
              {
                "description": "",
                "destination": "0.0.0.0/0",
                "destination_type": "CIDR_BLOCK",
                "icmp_options": [],
                "protocol": "all",
                "stateless": false,
                "tcp_options": [],
                "udp_options": []
              }
            ],
            "freeform_tags": {},
            "id": "ocid1.securitylist.oc1.us-chicago-1.aaaaaaaarkfnlpsfi2okks6glxqfjdpszidopu2n4pa73wm3lzrwxgsmbm5q",
            "ingress_security_rules": [
              {
                "description": "",
                "icmp_options": [],
                "protocol": "6",
                "source": "0.0.0.0/0",
                "source_type": "CIDR_BLOCK",
                "stateless": false,
                "tcp_options": [
                  {
                    "max": 22,
                    "min": 22,
                    "source_port_range": []
                  }
                ],
                "udp_options": []
              },
              {
                "description": "",
                "icmp_options": [],
                "protocol": "6",
                "source": "0.0.0.0/0",
                "source_type": "CIDR_BLOCK",
                "stateless": false,
                "tcp_options": [
                  {
                    "max": 443,
                    "min": 443,
                    "source_port_range": []
                  }
                ],
                "udp_options": []
              },
              {
                "description": "",
                "icmp_options": [],
                "protocol": "6",
                "source": "0.0.0.0/0",
                "source_type": "CIDR_BLOCK",
                "stateless": false,
                "tcp_options": [
                  {
                    "max": 80,
                    "min": 80,
                    "source_port_range": []
                  }
                ],
                "udp_options": []
              }
            ],
            "state": "AVAILABLE",
            "time_created": "2023-09-19 17:19:52.32 +0000 UTC",
            "timeouts": null,
            "vcn_id": "ocid1.vcn.oc1.us-chicago-1.amaaaaaafn5ajciar5t7al362hehe5oqnguuzbonfzlbutfwtkxfmzf5iv7q"
          },
          "sensitive_attributes": [],
          "private": "eyJlMmJmYjczMC1lY2FhLTExZTYtOGY4OC0zNDM2M2JjN2M0YzAiOnsiY3JlYXRlIjoxMjAwMDAwMDAwMDAwLCJkZWxldGUiOjEyMDAwMDAwMDAwMDAsInVwZGF0ZSI6MTIwMDAwMDAwMDAwMH19",
          "dependencies": [
            "oci_core_vcn.network"
          ]
        }
      ]
    },
    {
      "mode": "managed",
      "type": "oci_core_subnet",
      "name": "public",
      "provider": "provider[\"registry.terraform.io/oracle/oci\"]",
      "instances": [
        {
          "schema_version": 0,
          "attributes": {
            "availability_domain": null,
            "cidr_block": "192.168.1.0/24",
            "compartment_id": "ocid1.tenancy.oc1..aaaaaaaab2j6gk2b33sutg2bhoga5zekg3j5su23tygzw6nw5es4jxdts4ya",
            "defined_tags": {
              "Oracle-Tags.CreatedBy": "default/eduardogutierrez@estudiantec.cr",
              "Oracle-Tags.CreatedOn": "2023-09-19T17:19:53.047Z"
            },
            "dhcp_options_id": "ocid1.dhcpoptions.oc1.us-chicago-1.aaaaaaaaiud2dswtiplq3gvapt4esjmvcaoecmdb56cim7muix3j462n3zvq",
            "display_name": "public",
            "dns_label": null,
            "freeform_tags": {
              "Name": "public"
            },
            "id": "ocid1.subnet.oc1.us-chicago-1.aaaaaaaaakd7cwka3h4zq2e7v3wl7fsnzxtkuyr3fpofvbi2pwv6oclrb57a",
            "ipv6cidr_block": null,
            "ipv6cidr_blocks": [],
            "ipv6virtual_router_ip": null,
            "prohibit_internet_ingress": false,
            "prohibit_public_ip_on_vnic": false,
            "route_table_id": "ocid1.routetable.oc1.us-chicago-1.aaaaaaaabblpz6kg7qg66ecpzmfshegljc5o3jcsraadgn2q4eg74qfgqeva",
            "security_list_ids": [
              "ocid1.securitylist.oc1.us-chicago-1.aaaaaaaarkfnlpsfi2okks6glxqfjdpszidopu2n4pa73wm3lzrwxgsmbm5q"
            ],
            "state": "AVAILABLE",
            "subnet_domain_name": null,
            "time_created": "2023-09-19 17:19:53.076 +0000 UTC",
            "timeouts": null,
            "vcn_id": "ocid1.vcn.oc1.us-chicago-1.amaaaaaafn5ajciar5t7al362hehe5oqnguuzbonfzlbutfwtkxfmzf5iv7q",
            "virtual_router_ip": "192.168.1.1",
            "virtual_router_mac": "00:00:17:C1:FD:FD"
          },
          "sensitive_attributes": [],
          "private": "eyJlMmJmYjczMC1lY2FhLTExZTYtOGY4OC0zNDM2M2JjN2M0YzAiOnsiY3JlYXRlIjoxMjAwMDAwMDAwMDAwLCJkZWxldGUiOjEyMDAwMDAwMDAwMDAsInVwZGF0ZSI6MTIwMDAwMDAwMDAwMH19",
          "dependencies": [
            "oci_core_internet_gateway.ig",
            "oci_core_route_table.public_rt",
            "oci_core_security_list.security_list",
            "oci_core_vcn.network"
          ]
        }
      ]
    },
    {
      "mode": "managed",
      "type": "oci_core_vcn",
      "name": "network",
      "provider": "provider[\"registry.terraform.io/oracle/oci\"]",
      "instances": [
        {
          "schema_version": 0,
          "attributes": {
            "byoipv6cidr_blocks": [],
            "byoipv6cidr_details": [],
            "cidr_block": "192.168.0.0/16",
            "cidr_blocks": [
              "192.168.0.0/16"
            ],
            "compartment_id": "ocid1.tenancy.oc1..aaaaaaaab2j6gk2b33sutg2bhoga5zekg3j5su23tygzw6nw5es4jxdts4ya",
            "default_dhcp_options_id": "ocid1.dhcpoptions.oc1.us-chicago-1.aaaaaaaaiud2dswtiplq3gvapt4esjmvcaoecmdb56cim7muix3j462n3zvq",
            "default_route_table_id": "ocid1.routetable.oc1.us-chicago-1.aaaaaaaas3xbfd2lapkcszgr6zuqpqynnjmb4t4gg3prz6zkna2ehs7qenga",
            "default_security_list_id": "ocid1.securitylist.oc1.us-chicago-1.aaaaaaaaddxwd6mkaetri7v4xewiirehuh24salehy7fmqimvjuug24mv3aq",
            "defined_tags": {
              "Oracle-Tags.CreatedBy": "default/eduardogutierrez@estudiantec.cr",
              "Oracle-Tags.CreatedOn": "2023-09-19T17:19:51.383Z"
            },
            "display_name": "network",
            "dns_label": null,
            "freeform_tags": {
              "Name": "tec"
            },
            "id": "ocid1.vcn.oc1.us-chicago-1.amaaaaaafn5ajciar5t7al362hehe5oqnguuzbonfzlbutfwtkxfmzf5iv7q",
            "ipv6cidr_blocks": [],
            "ipv6private_cidr_blocks": [],
            "is_ipv6enabled": false,
            "is_oracle_gua_allocation_enabled": null,
            "state": "AVAILABLE",
            "time_created": "2023-09-19 17:19:51.442 +0000 UTC",
            "timeouts": null,
            "vcn_domain_name": null
          },
          "sensitive_attributes": [],
          "private": "eyJlMmJmYjczMC1lY2FhLTExZTYtOGY4OC0zNDM2M2JjN2M0YzAiOnsiY3JlYXRlIjoxMjAwMDAwMDAwMDAwLCJkZWxldGUiOjEyMDAwMDAwMDAwMDAsInVwZGF0ZSI6MTIwMDAwMDAwMDAwMH19"
        }
      ]
    },
    {
      "mode": "managed",
      "type": "oci_database_autonomous_database",
      "name": "autonomous_database",
      "provider": "provider[\"registry.terraform.io/oracle/oci\"]",
      "instances": []
    },
    {
      "mode": "managed",
      "type": "oci_nosql_table",
      "name": "logs_table",
      "provider": "provider[\"registry.terraform.io/oracle/oci\"]",
      "instances": [
        {
          "schema_version": 0,
          "attributes": {
            "compartment_id": "ocid1.tenancy.oc1..aaaaaaaab2j6gk2b33sutg2bhoga5zekg3j5su23tygzw6nw5es4jxdts4ya",
            "ddl_statement": "CREATE TABLE if not exists ic4302_logs (logId INTEGER, title STRING, bagInfo JSON, PRIMARY KEY (logId))",
            "defined_tags": {
              "Oracle-Tags.CreatedBy": "default/eduardogutierrez@estudiantec.cr",
              "Oracle-Tags.CreatedOn": "2023-09-19T03:11:04.736Z"
            },
            "freeform_tags": {},
            "id": "ocid1.nosqltable.oc1.us-chicago-1.amaaaaaafn5ajcia2sskjoqbtixtylchylcwcf25ex5x7xvema7dijssoeya",
            "is_auto_reclaimable": false,
            "lifecycle_details": "The resource is ACTIVE",
            "name": "ic4302_logs",
            "schema": [
              {
                "columns": [
                  {
                    "default_value": "",
                    "is_as_uuid": false,
                    "is_generated": false,
                    "is_nullable": false,
                    "name": "logId",
                    "type": "INTEGER"
                  },
                  {
                    "default_value": "",
                    "is_as_uuid": false,
                    "is_generated": false,
                    "is_nullable": true,
                    "name": "title",
                    "type": "STRING"
                  },
                  {
                    "default_value": "",
                    "is_as_uuid": false,
                    "is_generated": false,
                    "is_nullable": true,
                    "name": "bagInfo",
                    "type": "JSON"
                  }
                ],
                "identity": [],
                "primary_key": [
                  "logId"
                ],
                "shard_key": [
                  "logId"
                ],
                "ttl": 0
              }
            ],
            "state": "ACTIVE",
            "system_tags": {},
            "table_limits": [
              {
                "capacity_mode": "PROVISIONED",
                "max_read_units": 1,
                "max_storage_in_gbs": 1,
                "max_write_units": 1
              }
            ],
            "time_created": "2023-09-19 03:11:05.055 +0000 UTC",
            "time_of_expiration": null,
            "time_updated": "2023-09-19 03:11:06.256 +0000 UTC",
            "timeouts": null
          },
          "sensitive_attributes": [],
          "private": "eyJlMmJmYjczMC1lY2FhLTExZTYtOGY4OC0zNDM2M2JjN2M0YzAiOnsiY3JlYXRlIjoxMjAwMDAwMDAwMDAwLCJkZWxldGUiOjEyMDAwMDAwMDAwMDAsInVwZGF0ZSI6MTIwMDAwMDAwMDAwMH19"
        }
      ]
    }
  ],
  "check_results": null
}
