dependencies:
- name: mongodb
  repository: https://charts.bitnami.com/bitnami
  version: 13.6.7
- name: postgresql
  repository: https://charts.bitnami.com/bitnami
  version: 12.10.0
digest: sha256:5abd6d95a42dffa14ff8c8dde6e2ee17dfbec3baef5bd8073341082a59973c62
generated: "2023-10-15T15:04:29.0861944-06:00"
